
Microsoft Visual Studio Solution File, Format Version 12.00
# Visual Studio 15
VisualStudioVersion = 15.0.27428.2043
MinimumVisualStudioVersion = 10.0.40219.1
Project("{9A19103F-16F7-4668-BE54-9A1E7A4F7556}") = "AppExample.WebApi", "AppExample.WebApi\AppExample.WebApi.csproj", "{C7A27A03-8C77-4D71-814D-8CF36BF032B2}"
EndProject
Project("{9A19103F-16F7-4668-BE54-9A1E7A4F7556}") = "AppExample.Entities", "AppExample.Entities\AppExample.Entities.csproj", "{48EB79EE-4EF1-4EBD-AD12-76C140BE247A}"
EndProject
Project("{9A19103F-16F7-4668-BE54-9A1E7A4F7556}") = "AppExample.Repository", "AppExample.Repository\AppExample.Repository.csproj", "{AF315361-729C-4469-A833-2691B929BAD1}"
EndProject
Project("{FAE04EC0-301F-11D3-BF4B-00C04F79EFBC}") = "AppExample.ExtensionUtility", "AppExample.ExtensionUtility\AppExample.ExtensionUtility.csproj", "{5B63243D-1BA4-4C2C-8AD7-AA3CD512D41B}"
EndProject
Global
	GlobalSection(SolutionConfigurationPlatforms) = preSolution
		Debug|Any CPU = Debug|Any CPU
		Release|Any CPU = Release|Any CPU
	EndGlobalSection
	GlobalSection(ProjectConfigurationPlatforms) = postSolution
		{C7A27A03-8C77-4D71-814D-8CF36BF032B2}.Debug|Any CPU.ActiveCfg = Debug|Any CPU
		{C7A27A03-8C77-4D71-814D-8CF36BF032B2}.Debug|Any CPU.Build.0 = Debug|Any CPU
		{C7A27A03-8C77-4D71-814D-8CF36BF032B2}.Release|Any CPU.ActiveCfg = Release|Any CPU
		{C7A27A03-8C77-4D71-814D-8CF36BF032B2}.Release|Any CPU.Build.0 = Release|Any CPU
		{48EB79EE-4EF1-4EBD-AD12-76C140BE247A}.Debug|Any CPU.ActiveCfg = Debug|Any CPU
		{48EB79EE-4EF1-4EBD-AD12-76C140BE247A}.Debug|Any CPU.Build.0 = Debug|Any CPU
		{48EB79EE-4EF1-4EBD-AD12-76C140BE247A}.Release|Any CPU.ActiveCfg = Release|Any CPU
		{48EB79EE-4EF1-4EBD-AD12-76C140BE247A}.Release|Any CPU.Build.0 = Release|Any CPU
		{AF315361-729C-4469-A833-2691B929BAD1}.Debug|Any CPU.ActiveCfg = Debug|Any CPU
		{AF315361-729C-4469-A833-2691B929BAD1}.Debug|Any CPU.Build.0 = Debug|Any CPU
		{AF315361-729C-4469-A833-2691B929BAD1}.Release|Any CPU.ActiveCfg = Release|Any CPU
		{AF315361-729C-4469-A833-2691B929BAD1}.Release|Any CPU.Build.0 = Release|Any CPU
		{5B63243D-1BA4-4C2C-8AD7-AA3CD512D41B}.Debug|Any CPU.ActiveCfg = Debug|Any CPU
		{5B63243D-1BA4-4C2C-8AD7-AA3CD512D41B}.Debug|Any CPU.Build.0 = Debug|Any CPU
		{5B63243D-1BA4-4C2C-8AD7-AA3CD512D41B}.Release|Any CPU.ActiveCfg = Release|Any CPU
		{5B63243D-1BA4-4C2C-8AD7-AA3CD512D41B}.Release|Any CPU.Build.0 = Release|Any CPU
	EndGlobalSection
	GlobalSection(SolutionProperties) = preSolution
		HideSolutionNode = FALSE
	EndGlobalSection
	GlobalSection(ExtensibilityGlobals) = postSolution
		SolutionGuid = {7AACD3B4-58E9-4B63-81FA-ADD642B1D26F}
	EndGlobalSection
EndGlobal
